
Microsoft Visual Studio Solution File, Format Version 12.00
# Visual Studio Version 17
VisualStudioVersion = 17.6.33723.286
MinimumVisualStudioVersion = 10.0.40219.1
Project("{FAE04EC0-301F-11D3-BF4B-00C04F79EFBC}") = "APC#", "APC#.csproj", "{243B7F46-D5E6-4CEB-B093-3EBA20863E6F}"
EndProject
Global
	GlobalSection(SolutionConfigurationPlatforms) = preSolution
		Debug|Any CPU = Debug|Any CPU
		Release|Any CPU = Release|Any CPU
	EndGlobalSection
	GlobalSection(ProjectConfigurationPlatforms) = postSolution
		{243B7F46-D5E6-4CEB-B093-3EBA20863E6F}.Debug|Any CPU.ActiveCfg = Debug|Any CPU
		{243B7F46-D5E6-4CEB-B093-3EBA20863E6F}.Debug|Any CPU.Build.0 = Debug|Any CPU
		{243B7F46-D5E6-4CEB-B093-3EBA20863E6F}.Release|Any CPU.ActiveCfg = Release|Any CPU
		{243B7F46-D5E6-4CEB-B093-3EBA20863E6F}.Release|Any CPU.Build.0 = Release|Any CPU
	EndGlobalSection
	GlobalSection(SolutionProperties) = preSolution
		HideSolutionNode = FALSE
	EndGlobalSection
	GlobalSection(ExtensibilityGlobals) = postSolution
		SolutionGuid = {AF55DE65-D409-4F65-BEC3-416B0C3EE8AA}
	EndGlobalSection
EndGlobal
